PODS:
  - DJI-SDK-iOS (4.13.1)
  - DJIFlySafeDatabaseResource (01.00.01.17)
  - DJIWidget (1.6.3)

DEPENDENCIES:
  - DJI-SDK-iOS (~> 4.13)
  - DJIFlySafeDatabaseResource (~> 01.00.01.17)
  - DJIWidget (~> 1.6.3)

SPEC REPOS:
  trunk:
    - DJI-SDK-iOS
    - DJIFlySafeDatabaseResource
    - DJIWidget

SPEC CHECKSUMS:
  DJI-SDK-iOS: 8ec6e5e9199491339fed8021158bbf82d53751f3
  DJIFlySafeDatabaseResource: d2fab77e7c727fff3bd2362ed4cc43b92d566643
  DJIWidget: 4f7cd300adc7e15f9fe27d61ebdbd3cc4d8389b3

PODFILE CHECKSUM: 9b92c2376017276cacbff2356c8dfde2c35d617c

COCOAPODS: 1.8.4
