PODS:
  - DJI-SDK-iOS (4.16)
  - DJIFlySafeDatabaseResource (01.00.01.18)
  - DJIWidget (1.6.6)

DEPENDENCIES:
  - DJI-SDK-iOS (~> 4.16)
  - DJIFlySafeDatabaseResource (~> 01.00.01.18)
  - DJIWidget (~> 1.6.6)

SPEC REPOS:
  trunk:
    - DJI-SDK-iOS
    - DJIFlySafeDatabaseResource
    - DJIWidget

SPEC CHECKSUMS:
  DJI-SDK-iOS: 1eea401c947433562e268f9cce25f1ea5c132875
  DJIFlySafeDatabaseResource: 400e1856340042bd6943e53c2d4b374ac8409702
  DJIWidget: c5bb70aeb7deb9b0a99e5e63539ac249db4fab67

PODFILE CHECKSUM: 9d98a27c31422a7c1debcfe416c969a34c46456f

COCOAPODS: 1.11.2
